
Microsoft Visual Studio Solution File, Format Version 12.00
# Visual Studio 15
VisualStudioVersion = 15.0.27703.2047
MinimumVisualStudioVersion = 10.0.40219.1
Project("{FAE04EC0-301F-11D3-BF4B-00C04F79EFBC}") = "PnumSysCalc", "PnumSysCalc\PnumSysCalc.csproj", "{FD495CF4-F9F7-4360-B192-215B2A2AF107}"
EndProject
Global
	GlobalSection(SolutionConfigurationPlatforms) = preSolution
		Debug|Any CPU = Debug|Any CPU
		Release|Any CPU = Release|Any CPU
	EndGlobalSection
	GlobalSection(ProjectConfigurationPlatforms) = postSolution
		{FD495CF4-F9F7-4360-B192-215B2A2AF107}.Debug|Any CPU.ActiveCfg = Debug|Any CPU
		{FD495CF4-F9F7-4360-B192-215B2A2AF107}.Debug|Any CPU.Build.0 = Debug|Any CPU
		{FD495CF4-F9F7-4360-B192-215B2A2AF107}.Release|Any CPU.ActiveCfg = Release|Any CPU
		{FD495CF4-F9F7-4360-B192-215B2A2AF107}.Release|Any CPU.Build.0 = Release|Any CPU
	EndGlobalSection
	GlobalSection(SolutionProperties) = preSolution
		HideSolutionNode = FALSE
	EndGlobalSection
	GlobalSection(ExtensibilityGlobals) = postSolution
		SolutionGuid = {19479880-155E-4739-95B9-CB52E74D99B5}
	EndGlobalSection
EndGlobal
